// !$*UTF8*$!
{
	archiveVersion = 1;
	classes = {
	};
	objectVersion = 50;
	objects = {

/* Begin PBXBuildFile section */
		1306D90C212AB36F006B5345 /* DriverLogoutTableViewController.swift in Sources */ = {isa = PBXBuildFile; fileRef = 1306D90B212AB36F006B5345 /* DriverLogoutTableViewController.swift */; };
		132972E52122BF46001442F7 /* CustompopViewController.swift in Sources */ = {isa = PBXBuildFile; fileRef = 132972E42122BF46001442F7 /* CustompopViewController.swift */; };
		1373C0DC20F372890078E73A /* CallRideViewController.swift in Sources */ = {isa = PBXBuildFile; fileRef = 1373C0DB20F372890078E73A /* CallRideViewController.swift */; };
		13787AAF20FA18BF00E748A2 /* DriverControlViewController.swift in Sources */ = {isa = PBXBuildFile; fileRef = 13787AAE20FA18BF00E748A2 /* DriverControlViewController.swift */; };
		13787AB120FA18E300E748A2 /* DriverControlPanel.storyboard in Resources */ = {isa = PBXBuildFile; fileRef = 13787AB020FA18E300E748A2 /* DriverControlPanel.storyboard */; };
		1378F7C820EF98B500BE8E30 /* Assets.xcassets in Resources */ = {isa = PBXBuildFile; fileRef = 1378F7C720EF98B500BE8E30 /* Assets.xcassets */; };
		1378F7CE20EFB76400BE8E30 /* createAccountRiderView.swift in Sources */ = {isa = PBXBuildFile; fileRef = 1378F7CD20EFB76400BE8E30 /* createAccountRiderView.swift */; };
		137AD6BB20F532FD007BFB22 /* Extra.swift in Sources */ = {isa = PBXBuildFile; fileRef = 137AD6BA20F532FD007BFB22 /* Extra.swift */; };
		138626A820EE41F20028BC2F /* Main.storyboard in Resources */ = {isa = PBXBuildFile; fileRef = 138626A720EE41F20028BC2F /* Main.storyboard */; };
		138626B020EE4F9A0028BC2F /* Rider1.storyboard in Resources */ = {isa = PBXBuildFile; fileRef = 138626AF20EE4F9A0028BC2F /* Rider1.storyboard */; };
		138626B220EE4FEF0028BC2F /* PageViewController.swift in Sources */ = {isa = PBXBuildFile; fileRef = 138626B120EE4FEF0028BC2F /* PageViewController.swift */; };
		138626B420EE55140028BC2F /* VRController.swift in Sources */ = {isa = PBXBuildFile; fileRef = 138626B320EE55140028BC2F /* VRController.swift */; };
		138626B620EE55350028BC2F /* VDViewController.swift in Sources */ = {isa = PBXBuildFile; fileRef = 138626B520EE55350028BC2F /* VDViewController.swift */; };
		1386A75E20FC99090009BBE6 /* Icon.png in Resources */ = {isa = PBXBuildFile; fileRef = 1386A75D20FC99090009BBE6 /* Icon.png */; };
		138AAC9920EFC12300E7BC65 /* GoogleService-Info.plist in Resources */ = {isa = PBXBuildFile; fileRef = 138AAC9820EFC12300E7BC65 /* GoogleService-Info.plist */; };
		13AAFA1F210231A9006FDE92 /* ExtenCallRideViewcontroller.swift in Sources */ = {isa = PBXBuildFile; fileRef = 13AAFA1E210231A9006FDE92 /* ExtenCallRideViewcontroller.swift */; };
		13B1CF7F2128654B008A8AFF /* LogoutRiderViewController.swift in Sources */ = {isa = PBXBuildFile; fileRef = 13B1CF7E2128654B008A8AFF /* LogoutRiderViewController.swift */; };
		13B8589920F14DAF0049C026 /* Luminari.ttf in Resources */ = {isa = PBXBuildFile; fileRef = 13B8589820F14DAF0049C026 /* Luminari.ttf */; };
		13BED2C920ED45830009C3E2 /* AppDelegate.swift in Sources */ = {isa = PBXBuildFile; fileRef = 13BED2C820ED45830009C3E2 /* AppDelegate.swift */; };
		13BED2CB20ED45840009C3E2 /* RiderViewController.swift in Sources */ = {isa = PBXBuildFile; fileRef = 13BED2CA20ED45840009C3E2 /* RiderViewController.swift */; };
		13BED2D320ED45850009C3E2 /* LaunchScreen.storyboard in Resources */ = {isa = PBXBuildFile; fileRef = 13BED2D120ED45850009C3E2 /* LaunchScreen.storyboard */; };
		13BED2DB20ED5AE40009C3E2 /* CreateAccount.storyboard in Resources */ = {isa = PBXBuildFile; fileRef = 13BED2DA20ED5AE40009C3E2 /* CreateAccount.storyboard */; };
		13C4DA9220F92AB600A1376F /* UItabelTableViewCellDR.swift in Sources */ = {isa = PBXBuildFile; fileRef = 13C4DA9120F92A6D00A1376F /* UItabelTableViewCellDR.swift */; };
		13C4DA9420F92B7E00A1376F /* TableViewController.swift in Sources */ = {isa = PBXBuildFile; fileRef = 13C4DA9320F92B7E00A1376F /* TableViewController.swift */; };
		13D0D05A2102578800C812BD /* Rides.swift in Sources */ = {isa = PBXBuildFile; fileRef = 13D0D0592102578800C812BD /* Rides.swift */; };
		13F7021120F5004B00D4BA23 /* logsa.swift in Sources */ = {isa = PBXBuildFile; fileRef = 13F7021020F5004B00D4BA23 /* logsa.swift */; };
		13F7021320F51F4800D4BA23 /* DriverLogin.storyboard in Resources */ = {isa = PBXBuildFile; fileRef = 13F7021220F51F4800D4BA23 /* DriverLogin.storyboard */; };
		13F7021520F51F6F00D4BA23 /* DriverLoginViewController.swift in Sources */ = {isa = PBXBuildFile; fileRef = 13F7021420F51F6F00D4BA23 /* DriverLoginViewController.swift */; };
		D08B533C1BD06C983AA49C36 /* Pods_RideWithPride.framework in Frameworks */ = {isa = PBXBuildFile; fileRef = 6A0EC03B95A79AAF1C3E642D /* Pods_RideWithPride.framework */; };
/* End PBXBuildFile section */

/* Begin PBXCopyFilesBuildPhase section */
		1334B8AE20FCC3D400DA1E2A /* Embed Frameworks */ = {
			isa = PBXCopyFilesBuildPhase;
			buildActionMask = 2147483647;
			dstPath = "";
			dstSubfolderSpec = 10;
			files = (
			);
			name = "Embed Frameworks";
			runOnlyForDeploymentPostprocessing = 0;
		};
/* End PBXCopyFilesBuildPhase section */

/* Begin PBXFileReference section */
		1306D90B212AB36F006B5345 /* DriverLogoutTableViewController.swift */ = {isa = PBXFileReference; lastKnownFileType = sourcecode.swift; path = DriverLogoutTableViewController.swift; sourceTree = "<group>"; };
		132972E42122BF46001442F7 /* CustompopViewController.swift */ = {isa = PBXFileReference; lastKnownFileType = sourcecode.swift; path = CustompopViewController.swift; sourceTree = "<group>"; };
		1373C0DB20F372890078E73A /* CallRideViewController.swift */ = {isa = PBXFileReference; lastKnownFileType = sourcecode.swift; path = CallRideViewController.swift; sourceTree = "<group>"; xcLanguageSpecificationIdentifier = xcode.lang.swift; };
		13787AAE20FA18BF00E748A2 /* DriverControlViewController.swift */ = {isa = PBXFileReference; lastKnownFileType = sourcecode.swift; path = DriverControlViewController.swift; sourceTree = "<group>"; };
		13787AB020FA18E300E748A2 /* DriverControlPanel.storyboard */ = {isa = PBXFileReference; fileEncoding = 4; lastKnownFileType = file.storyboard; path = DriverControlPanel.storyboard; sourceTree = "<group>"; };
		1378F7C720EF98B500BE8E30 /* Assets.xcassets */ = {isa = PBXFileReference; lastKnownFileType = folder.assetcatalog; path = Assets.xcassets; sourceTree = "<group>"; };
		1378F7CD20EFB76400BE8E30 /* createAccountRiderView.swift */ = {isa = PBXFileReference; lastKnownFileType = sourcecode.swift; path = createAccountRiderView.swift; sourceTree = "<group>"; };
		137AD6BA20F532FD007BFB22 /* Extra.swift */ = {isa = PBXFileReference; lastKnownFileType = sourcecode.swift; path = Extra.swift; sourceTree = "<group>"; };
		138626A720EE41F20028BC2F /* Main.storyboard */ = {isa = PBXFileReference; fileEncoding = 4; lastKnownFileType = file.storyboard; path = Main.storyboard; sourceTree = "<group>"; };
		138626AF20EE4F9A0028BC2F /* Rider1.storyboard */ = {isa = PBXFileReference; fileEncoding = 4; lastKnownFileType = file.storyboard; path = Rider1.storyboard; sourceTree = "<group>"; };
		138626B120EE4FEF0028BC2F /* PageViewController.swift */ = {isa = PBXFileReference; lastKnownFileType = sourcecode.swift; path = PageViewController.swift; sourceTree = "<group>"; };
		138626B320EE55140028BC2F /* VRController.swift */ = {isa = PBXFileReference; lastKnownFileType = sourcecode.swift; path = VRController.swift; sourceTree = "<group>"; };
		138626B520EE55350028BC2F /* VDViewController.swift */ = {isa = PBXFileReference; lastKnownFileType = sourcecode.swift; path = VDViewController.swift; sourceTree = "<group>"; };
		1386A75D20FC99090009BBE6 /* Icon.png */ = {isa = PBXFileReference; lastKnownFileType = image.png; path = Icon.png; sourceTree = "<group>"; };
		138AAC9820EFC12300E7BC65 /* GoogleService-Info.plist */ = {isa = PBXFileReference; fileEncoding = 4; lastKnownFileType = text.plist.xml; path = "GoogleService-Info.plist"; sourceTree = "<group>"; };
		13AAFA1E210231A9006FDE92 /* ExtenCallRideViewcontroller.swift */ = {isa = PBXFileReference; lastKnownFileType = sourcecode.swift; path = ExtenCallRideViewcontroller.swift; sourceTree = "<group>"; };
		13B1CF7E2128654B008A8AFF /* LogoutRiderViewController.swift */ = {isa = PBXFileReference; lastKnownFileType = sourcecode.swift; path = LogoutRiderViewController.swift; sourceTree = "<group>"; };
		13B8589820F14DAF0049C026 /* Luminari.ttf */ = {isa = PBXFileReference; lastKnownFileType = file; path = Luminari.ttf; sourceTree = "<group>"; };
		13BED2C520ED45830009C3E2 /* RideWithPride.app */ = {isa = PBXFileReference; explicitFileType = wrapper.application; includeInIndex = 0; path = RideWithPride.app; sourceTree = BUILT_PRODUCTS_DIR; };
		13BED2C820ED45830009C3E2 /* AppDelegate.swift */ = {isa = PBXFileReference; lastKnownFileType = sourcecode.swift; path = AppDelegate.swift; sourceTree = "<group>"; };
		13BED2CA20ED45840009C3E2 /* RiderViewController.swift */ = {isa = PBXFileReference; lastKnownFileType = sourcecode.swift; path = RiderViewController.swift; sourceTree = "<group>"; };
		13BED2D220ED45850009C3E2 /* Base */ = {isa = PBXFileReference; lastKnownFileType = file.storyboard; name = Base; path = Base.lproj/LaunchScreen.storyboard; sourceTree = "<group>"; };
		13BED2D420ED45850009C3E2 /* Info.plist */ = {isa = PBXFileReference; lastKnownFileType = text.plist.xml; path = Info.plist; sourceTree = "<group>"; };
		13BED2DA20ED5AE40009C3E2 /* CreateAccount.storyboard */ = {isa = PBXFileReference; fileEncoding = 4; lastKnownFileType = file.storyboard; path = CreateAccount.storyboard; sourceTree = "<group>"; };
		13C4DA9120F92A6D00A1376F /* UItabelTableViewCellDR.swift */ = {isa = PBXFileReference; lastKnownFileType = sourcecode.swift; path = UItabelTableViewCellDR.swift; sourceTree = "<group>"; };
		13C4DA9320F92B7E00A1376F /* TableViewController.swift */ = {isa = PBXFileReference; lastKnownFileType = sourcecode.swift; path = TableViewController.swift; sourceTree = "<group>"; };
		13D0D0592102578800C812BD /* Rides.swift */ = {isa = PBXFileReference; lastKnownFileType = sourcecode.swift; path = Rides.swift; sourceTree = "<group>"; };
		13F7021020F5004B00D4BA23 /* logsa.swift */ = {isa = PBXFileReference; lastKnownFileType = sourcecode.swift; path = logsa.swift; sourceTree = "<group>"; };
		13F7021220F51F4800D4BA23 /* DriverLogin.storyboard */ = {isa = PBXFileReference; fileEncoding = 4; lastKnownFileType = file.storyboard; path = DriverLogin.storyboard; sourceTree = "<group>"; };
		13F7021420F51F6F00D4BA23 /* DriverLoginViewController.swift */ = {isa = PBXFileReference; lastKnownFileType = sourcecode.swift; path = DriverLoginViewController.swift; sourceTree = "<group>"; };
		2EB0AA4D1108DB7EB522F933 /* Pods-RideWithPride.debug.xcconfig */ = {isa = PBXFileReference; includeInIndex = 1; lastKnownFileType = text.xcconfig; name = "Pods-RideWithPride.debug.xcconfig"; path = "Pods/Target Support Files/Pods-RideWithPride/Pods-RideWithPride.debug.xcconfig"; sourceTree = "<group>"; };
		6A0EC03B95A79AAF1C3E642D /* Pods_RideWithPride.framework */ = {isa = PBXFileReference; explicitFileType = wrapper.framework; includeInIndex = 0; path = Pods_RideWithPride.framework; sourceTree = BUILT_PRODUCTS_DIR; };
		FF953A55FD3A6997204EE77F /* Pods-RideWithPride.release.xcconfig */ = {isa = PBXFileReference; includeInIndex = 1; lastKnownFileType = text.xcconfig; name = "Pods-RideWithPride.release.xcconfig"; path = "Pods/Target Support Files/Pods-RideWithPride/Pods-RideWithPride.release.xcconfig"; sourceTree = "<group>"; };
/* End PBXFileReference section */

/* Begin PBXFrameworksBuildPhase section */
		13BED2C220ED45830009C3E2 /* Frameworks */ = {
			isa = PBXFrameworksBuildPhase;
			buildActionMask = 2147483647;
			files = (
				D08B533C1BD06C983AA49C36 /* Pods_RideWithPride.framework in Frameworks */,
			);
			runOnlyForDeploymentPostprocessing = 0;
		};
/* End PBXFrameworksBuildPhase section */

/* Begin PBXGroup section */
		1333E9C320F4BF4B005A1EDA /* Extension */ = {
			isa = PBXGroup;
			children = (
				13F7021020F5004B00D4BA23 /* logsa.swift */,
				137AD6BA20F532FD007BFB22 /* Extra.swift */,
			);
			path = Extension;
			sourceTree = "<group>";
		};
		1378F7C920EFB6A900BE8E30 /* RiderviewController */ = {
			isa = PBXGroup;
			children = (
				13B1CF7E2128654B008A8AFF /* LogoutRiderViewController.swift */,
				13BED2CA20ED45840009C3E2 /* RiderViewController.swift */,
				1378F7CD20EFB76400BE8E30 /* createAccountRiderView.swift */,
				1373C0DB20F372890078E73A /* CallRideViewController.swift */,
				13AAFA1E210231A9006FDE92 /* ExtenCallRideViewcontroller.swift */,
			);
			path = RiderviewController;
			sourceTree = "<group>";
		};
		1378F7CA20EFB6EB00BE8E30 /* PageControllerViewFiles */ = {
			isa = PBXGroup;
			children = (
				138626B520EE55350028BC2F /* VDViewController.swift */,
				138626B320EE55140028BC2F /* VRController.swift */,
				138626B120EE4FEF0028BC2F /* PageViewController.swift */,
			);
			path = PageControllerViewFiles;
			sourceTree = "<group>";
		};
		1378F7CB20EFB71600BE8E30 /* SupportFiles */ = {
			isa = PBXGroup;
			children = (
				1386A75D20FC99090009BBE6 /* Icon.png */,
				138AAC9820EFC12300E7BC65 /* GoogleService-Info.plist */,
				13BED2C820ED45830009C3E2 /* AppDelegate.swift */,
				13BED2D120ED45850009C3E2 /* LaunchScreen.storyboard */,
				13B8589820F14DAF0049C026 /* Luminari.ttf */,
			);
			path = SupportFiles;
			sourceTree = "<group>";
		};
		1378F7CC20EFB72C00BE8E30 /* DriverViewController */ = {
			isa = PBXGroup;
			children = (
				1306D90B212AB36F006B5345 /* DriverLogoutTableViewController.swift */,
				132972E42122BF46001442F7 /* CustompopViewController.swift */,
				13C4DA9320F92B7E00A1376F /* TableViewController.swift */,
				13C4DA9120F92A6D00A1376F /* UItabelTableViewCellDR.swift */,
				13F7021420F51F6F00D4BA23 /* DriverLoginViewController.swift */,
				13787AAE20FA18BF00E748A2 /* DriverControlViewController.swift */,
				13D0D0592102578800C812BD /* Rides.swift */,
			);
			path = DriverViewController;
			sourceTree = "<group>";
		};
		13BED2BC20ED45830009C3E2 = {
			isa = PBXGroup;
			children = (
				1333E9C320F4BF4B005A1EDA /* Extension */,
				13BED2C720ED45830009C3E2 /* RideWithPride */,
				13BED2C620ED45830009C3E2 /* Products */,
				B1448A13AC14D86E3BB7DECE /* Pods */,
				35341F78147C4A6ABD2FC3B3 /* Frameworks */,
			);
			sourceTree = "<group>";
		};
		13BED2C620ED45830009C3E2 /* Products */ = {
			isa = PBXGroup;
			children = (
				13BED2C520ED45830009C3E2 /* RideWithPride.app */,
			);
			name = Products;
			sourceTree = "<group>";
		};
		13BED2C720ED45830009C3E2 /* RideWithPride */ = {
			isa = PBXGroup;
			children = (
				1378F7CC20EFB72C00BE8E30 /* DriverViewController */,
				1378F7CA20EFB6EB00BE8E30 /* PageControllerViewFiles */,
				1378F7C920EFB6A900BE8E30 /* RiderviewController */,
				13BED2DC20ED5AF30009C3E2 /* storyboards */,
				1378F7CB20EFB71600BE8E30 /* SupportFiles */,
				13BED2D420ED45850009C3E2 /* Info.plist */,
			);
			path = RideWithPride;
			sourceTree = "<group>";
		};
		13BED2DC20ED5AF30009C3E2 /* storyboards */ = {
			isa = PBXGroup;
			children = (
				138626A720EE41F20028BC2F /* Main.storyboard */,
				13F7021220F51F4800D4BA23 /* DriverLogin.storyboard */,
				13787AB020FA18E300E748A2 /* DriverControlPanel.storyboard */,
				138626AF20EE4F9A0028BC2F /* Rider1.storyboard */,
				13BED2DA20ED5AE40009C3E2 /* CreateAccount.storyboard */,
				1378F7C720EF98B500BE8E30 /* Assets.xcassets */,
			);
			path = storyboards;
			sourceTree = "<group>";
		};
		35341F78147C4A6ABD2FC3B3 /* Frameworks */ = {
			isa = PBXGroup;
			children = (
				6A0EC03B95A79AAF1C3E642D /* Pods_RideWithPride.framework */,
			);
			name = Frameworks;
			sourceTree = "<group>";
		};
		B1448A13AC14D86E3BB7DECE /* Pods */ = {
			isa = PBXGroup;
			children = (
				2EB0AA4D1108DB7EB522F933 /* Pods-RideWithPride.debug.xcconfig */,
				FF953A55FD3A6997204EE77F /* Pods-RideWithPride.release.xcconfig */,
			);
			name = Pods;
			sourceTree = "<group>";
		};
/* End PBXGroup section */

/* Begin PBXNativeTarget section */
		13BED2C420ED45830009C3E2 /* RideWithPride */ = {
			isa = PBXNativeTarget;
			buildConfigurationList = 13BED2D720ED45850009C3E2 /* Build configuration list for PBXNativeTarget "RideWithPride" */;
			buildPhases = (
				66AD59306C175169DAAD1EE1 /* [CP] Check Pods Manifest.lock */,
				13BED2C120ED45830009C3E2 /* Sources */,
				13BED2C220ED45830009C3E2 /* Frameworks */,
				13BED2C320ED45830009C3E2 /* Resources */,
				1334B8AE20FCC3D400DA1E2A /* Embed Frameworks */,
				4E41809A81336299512B10A5 /* [CP] Embed Pods Frameworks */,
				7634CD5157A914D87256F948 /* [CP] Copy Pods Resources */,
			);
			buildRules = (
			);
			dependencies = (
			);
			name = RideWithPride;
			productName = RideWithPride;
			productReference = 13BED2C520ED45830009C3E2 /* RideWithPride.app */;
			productType = "com.apple.product-type.application";
		};
/* End PBXNativeTarget section */

/* Begin PBXProject section */
		13BED2BD20ED45830009C3E2 /* Project object */ = {
			isa = PBXProject;
			attributes = {
				LastSwiftUpdateCheck = 0940;
				LastUpgradeCheck = 0940;
				ORGANIZATIONNAME = "Muhammad Ali";
				TargetAttributes = {
					13BED2C420ED45830009C3E2 = {
						CreatedOnToolsVersion = 9.4.1;
					};
				};
			};
			buildConfigurationList = 13BED2C020ED45830009C3E2 /* Build configuration list for PBXProject "RideWithPride" */;
			compatibilityVersion = "Xcode 9.3";
			developmentRegion = en;
			hasScannedForEncodings = 0;
			knownRegions = (
				en,
				Base,
			);
			mainGroup = 13BED2BC20ED45830009C3E2;
			productRefGroup = 13BED2C620ED45830009C3E2 /* Products */;
			projectDirPath = "";
			projectRoot = "";
			targets = (
				13BED2C420ED45830009C3E2 /* RideWithPride */,
			);
		};
/* End PBXProject section */

/* Begin PBXResourcesBuildPhase section */
		13BED2C320ED45830009C3E2 /* Resources */ = {
			isa = PBXResourcesBuildPhase;
			buildActionMask = 2147483647;
			files = (
				13F7021320F51F4800D4BA23 /* DriverLogin.storyboard in Resources */,
				13B8589920F14DAF0049C026 /* Luminari.ttf in Resources */,
				1386A75E20FC99090009BBE6 /* Icon.png in Resources */,
				13787AB120FA18E300E748A2 /* DriverControlPanel.storyboard in Resources */,
				138AAC9920EFC12300E7BC65 /* GoogleService-Info.plist in Resources */,
				138626B020EE4F9A0028BC2F /* Rider1.storyboard in Resources */,
				13BED2DB20ED5AE40009C3E2 /* CreateAccount.storyboard in Resources */,
				13BED2D320ED45850009C3E2 /* LaunchScreen.storyboard in Resources */,
				1378F7C820EF98B500BE8E30 /* Assets.xcassets in Resources */,
				138626A820EE41F20028BC2F /* Main.storyboard in Resources */,
			);
			runOnlyForDeploymentPostprocessing = 0;
		};
/* End PBXResourcesBuildPhase section */

/* Begin PBXShellScriptBuildPhase section */
		4E41809A81336299512B10A5 /* [CP] Embed Pods Frameworks */ = {
			isa = PBXShellScriptBuildPhase;
			buildActionMask = 2147483647;
			files = (
			);
			inputPaths = (
				"${SRCROOT}/Pods/Target Support Files/Pods-RideWithPride/Pods-RideWithPride-frameworks.sh",
				"${BUILT_PRODUCTS_DIR}/GTMSessionFetcher/GTMSessionFetcher.framework",
				"${BUILT_PRODUCTS_DIR}/GoogleToolboxForMac/GoogleToolboxForMac.framework",
				"${BUILT_PRODUCTS_DIR}/leveldb-library/leveldb.framework",
				"${BUILT_PRODUCTS_DIR}/nanopb/nanopb.framework",
			);
			name = "[CP] Embed Pods Frameworks";
			outputPaths = (
				"${TARGET_BUILD_DIR}/${FRAMEWORKS_FOLDER_PATH}/GTMSessionFetcher.framework",
				"${TARGET_BUILD_DIR}/${FRAMEWORKS_FOLDER_PATH}/GoogleToolboxForMac.framework",
				"${TARGET_BUILD_DIR}/${FRAMEWORKS_FOLDER_PATH}/leveldb.framework",
				"${TARGET_BUILD_DIR}/${FRAMEWORKS_FOLDER_PATH}/nanopb.framework",
			);
			runOnlyForDeploymentPostprocessing = 0;
			shellPath = /bin/sh;
			shellScript = "\"${SRCROOT}/Pods/Target Support Files/Pods-RideWithPride/Pods-RideWithPride-frameworks.sh\"\n";
			showEnvVarsInLog = 0;
		};
		66AD59306C175169DAAD1EE1 /* [CP] Check Pods Manifest.lock */ = {
			isa = PBXShellScriptBuildPhase;
			buildActionMask = 2147483647;
			files = (
			);
			inputPaths = (
				"${PODS_PODFILE_DIR_PATH}/Podfile.lock",
				"${PODS_ROOT}/Manifest.lock",
			);
			name = "[CP] Check Pods Manifest.lock";
			outputPaths = (
				"$(DERIVED_FILE_DIR)/Pods-RideWithPride-checkManifestLockResult.txt",
			);
			runOnlyForDeploymentPostprocessing = 0;
			shellPath = /bin/sh;
			shellScript = "diff \"${PODS_PODFILE_DIR_PATH}/Podfile.lock\" \"${PODS_ROOT}/Manifest.lock\" > /dev/null\nif [ $? != 0 ] ; then\n    # print error to STDERR\n    echo \"error: The sandbox is not in sync with the Podfile.lock. Run 'pod install' or update your CocoaPods installation.\" >&2\n    exit 1\nfi\n# This output is used by Xcode 'outputs' to avoid re-running this script phase.\necho \"SUCCESS\" > \"${SCRIPT_OUTPUT_FILE_0}\"\n";
			showEnvVarsInLog = 0;
		};
		7634CD5157A914D87256F948 /* [CP] Copy Pods Resources */ = {
			isa = PBXShellScriptBuildPhase;
			buildActionMask = 2147483647;
			files = (
			);
			inputPaths = (
				"${SRCROOT}/Pods/Target Support Files/Pods-RideWithPride/Pods-RideWithPride-resources.sh",
				"${PODS_ROOT}/GoogleMaps/Maps/Frameworks/GoogleMaps.framework/Resources/GoogleMaps.bundle",
				"${PODS_ROOT}/GooglePlacePicker/Frameworks/GooglePlacePicker.framework/Resources/GooglePlacePicker.bundle",
				"${PODS_ROOT}/GooglePlaces/Frameworks/GooglePlaces.framework/Resources/GooglePlaces.bundle",
			);
			name = "[CP] Copy Pods Resources";
			outputPaths = (
				"${TARGET_BUILD_DIR}/${UNLOCALIZED_RESOURCES_FOLDER_PATH}/GoogleMaps.bundle",
				"${TARGET_BUILD_DIR}/${UNLOCALIZED_RESOURCES_FOLDER_PATH}/GooglePlacePicker.bundle",
				"${TARGET_BUILD_DIR}/${UNLOCALIZED_RESOURCES_FOLDER_PATH}/GooglePlaces.bundle",
			);
			runOnlyForDeploymentPostprocessing = 0;
			shellPath = /bin/sh;
			shellScript = "\"${SRCROOT}/Pods/Target Support Files/Pods-RideWithPride/Pods-RideWithPride-resources.sh\"\n";
			showEnvVarsInLog = 0;
		};
/* End PBXShellScriptBuildPhase section */

/* Begin PBXSourcesBuildPhase section */
		13BED2C120ED45830009C3E2 /* Sources */ = {
			isa = PBXSourcesBuildPhase;
			buildActionMask = 2147483647;
			files = (
				13F7021520F51F6F00D4BA23 /* DriverLoginViewController.swift in Sources */,
				132972E52122BF46001442F7 /* CustompopViewController.swift in Sources */,
				13C4DA9420F92B7E00A1376F /* TableViewController.swift in Sources */,
				13C4DA9220F92AB600A1376F /* UItabelTableViewCellDR.swift in Sources */,
				137AD6BB20F532FD007BFB22 /* Extra.swift in Sources */,
				13AAFA1F210231A9006FDE92 /* ExtenCallRideViewcontroller.swift in Sources */,
				138626B620EE55350028BC2F /* VDViewController.swift in Sources */,
				13B1CF7F2128654B008A8AFF /* LogoutRiderViewController.swift in Sources */,
				138626B220EE4FEF0028BC2F /* PageViewController.swift in Sources */,
				1306D90C212AB36F006B5345 /* DriverLogoutTableViewController.swift in Sources */,
				13F7021120F5004B00D4BA23 /* logsa.swift in Sources */,
				138626B420EE55140028BC2F /* VRController.swift in Sources */,
				1378F7CE20EFB76400BE8E30 /* createAccountRiderView.swift in Sources */,
				13BED2CB20ED45840009C3E2 /* RiderViewController.swift in Sources */,
				13787AAF20FA18BF00E748A2 /* DriverControlViewController.swift in Sources */,
				13D0D05A2102578800C812BD /* Rides.swift in Sources */,
				1373C0DC20F372890078E73A /* CallRideViewController.swift in Sources */,
				13BED2C920ED45830009C3E2 /* AppDelegate.swift in Sources */,
			);
			runOnlyForDeploymentPostprocessing = 0;
		};
/* End PBXSourcesBuildPhase section */

/* Begin PBXVariantGroup section */
		13BED2D120ED45850009C3E2 /* LaunchScreen.storyboard */ = {
			isa = PBXVariantGroup;
			children = (
				13BED2D220ED45850009C3E2 /* Base */,
			);
			name = LaunchScreen.storyboard;
			sourceTree = "<group>";
		};
/* End PBXVariantGroup section */

/* Begin XCBuildConfiguration section */
		13BED2D520ED45850009C3E2 /* Debug */ = {
			isa = XCBuildConfiguration;
			buildSettings = {
				ALWAYS_SEARCH_USER_PATHS = NO;
				CLANG_ANALYZER_NONNULL = YES;
				CLANG_ANALYZER_NUMBER_OBJECT_CONVERSION = YES_AGGRESSIVE;
				CLANG_CXX_LANGUAGE_STANDARD = "gnu++14";
				CLANG_CXX_LIBRARY = "libc++";
				CLANG_ENABLE_MODULES = YES;
				CLANG_ENABLE_OBJC_ARC = YES;
				CLANG_ENABLE_OBJC_WEAK = YES;
				CLANG_WARN_BLOCK_CAPTURE_AUTORELEASING = YES;
				CLANG_WARN_BOOL_CONVERSION = YES;
				CLANG_WARN_COMMA = YES;
				CLANG_WARN_CONSTANT_CONVERSION = YES;
				CLANG_WARN_DEPRECATED_OBJC_IMPLEMENTATIONS = YES;
				CLANG_WARN_DIRECT_OBJC_ISA_USAGE = YES_ERROR;
				CLANG_WARN_DOCUMENTATION_COMMENTS = YES;
				CLANG_WARN_EMPTY_BODY = YES;
				CLANG_WARN_ENUM_CONVERSION = YES;
				CLANG_WARN_INFINITE_RECURSION = YES;
				CLANG_WARN_INT_CONVERSION = YES;
				CLANG_WARN_NON_LITERAL_NULL_CONVERSION = YES;
				CLANG_WARN_OBJC_IMPLICIT_RETAIN_SELF = YES;
				CLANG_WARN_OBJC_LITERAL_CONVERSION = YES;
				CLANG_WARN_OBJC_ROOT_CLASS = YES_ERROR;
				CLANG_WARN_RANGE_LOOP_ANALYSIS = YES;
				CLANG_WARN_STRICT_PROTOTYPES = YES;
				CLANG_WARN_SUSPICIOUS_MOVE = YES;
				CLANG_WARN_UNGUARDED_AVAILABILITY = YES_AGGRESSIVE;
				CLANG_WARN_UNREACHABLE_CODE = YES;
				CLANG_WARN__DUPLICATE_METHOD_MATCH = YES;
				CODE_SIGN_IDENTITY = "iPhone Developer";
				COPY_PHASE_STRIP = NO;
				DEBUG_INFORMATION_FORMAT = dwarf;
				ENABLE_STRICT_OBJC_MSGSEND = YES;
				ENABLE_TESTABILITY = YES;
				GCC_C_LANGUAGE_STANDARD = gnu11;
				GCC_DYNAMIC_NO_PIC = NO;
				GCC_NO_COMMON_BLOCKS = YES;
				GCC_OPTIMIZATION_LEVEL = 0;
				GCC_PREPROCESSOR_DEFINITIONS = (
					"DEBUG=1",
					"$(inherited)",
				);
				GCC_WARN_64_TO_32_BIT_CONVERSION = YES;
				GCC_WARN_ABOUT_RETURN_TYPE = YES_ERROR;
				GCC_WARN_UNDECLARED_SELECTOR = YES;
				GCC_WARN_UNINITIALIZED_AUTOS = YES_AGGRESSIVE;
				GCC_WARN_UNUSED_FUNCTION = YES;
				GCC_WARN_UNUSED_VARIABLE = YES;
				IPHONEOS_DEPLOYMENT_TARGET = 11.4;
				MTL_ENABLE_DEBUG_INFO = YES;
				ONLY_ACTIVE_ARCH = YES;
				SDKROOT = iphoneos;
				SWIFT_ACTIVE_COMPILATION_CONDITIONS = DEBUG;
				SWIFT_OPTIMIZATION_LEVEL = "-Onone";
			};
			name = Debug;
		};
		13BED2D620ED45850009C3E2 /* Release */ = {
			isa = XCBuildConfiguration;
			buildSettings = {
				ALWAYS_SEARCH_USER_PATHS = NO;
				CLANG_ANALYZER_NONNULL = YES;
				CLANG_ANALYZER_NUMBER_OBJECT_CONVERSION = YES_AGGRESSIVE;
				CLANG_CXX_LANGUAGE_STANDARD = "gnu++14";
				CLANG_CXX_LIBRARY = "libc++";
				CLANG_ENABLE_MODULES = YES;
				CLANG_ENABLE_OBJC_ARC = YES;
				CLANG_ENABLE_OBJC_WEAK = YES;
				CLANG_WARN_BLOCK_CAPTURE_AUTORELEASING = YES;
				CLANG_WARN_BOOL_CONVERSION = YES;
				CLANG_WARN_COMMA = YES;
				CLANG_WARN_CONSTANT_CONVERSION = YES;
				CLANG_WARN_DEPRECATED_OBJC_IMPLEMENTATIONS = YES;
				CLANG_WARN_DIRECT_OBJC_ISA_USAGE = YES_ERROR;
				CLANG_WARN_DOCUMENTATION_COMMENTS = YES;
				CLANG_WARN_EMPTY_BODY = YES;
				CLANG_WARN_ENUM_CONVERSION = YES;
				CLANG_WARN_INFINITE_RECURSION = YES;
				CLANG_WARN_INT_CONVERSION = YES;
				CLANG_WARN_NON_LITERAL_NULL_CONVERSION = YES;
				CLANG_WARN_OBJC_IMPLICIT_RETAIN_SELF = YES;
				CLANG_WARN_OBJC_LITERAL_CONVERSION = YES;
				CLANG_WARN_OBJC_ROOT_CLASS = YES_ERROR;
				CLANG_WARN_RANGE_LOOP_ANALYSIS = YES;
				CLANG_WARN_STRICT_PROTOTYPES = YES;
				CLANG_WARN_SUSPICIOUS_MOVE = YES;
				CLANG_WARN_UNGUARDED_AVAILABILITY = YES_AGGRESSIVE;
				CLANG_WARN_UNREACHABLE_CODE = YES;
				CLANG_WARN__DUPLICATE_METHOD_MATCH = YES;
				CODE_SIGN_IDENTITY = "iPhone Developer";
				COPY_PHASE_STRIP = NO;
				DEBUG_INFORMATION_FORMAT = "dwarf-with-dsym";
				ENABLE_NS_ASSERTIONS = NO;
				ENABLE_STRICT_OBJC_MSGSEND = YES;
				GCC_C_LANGUAGE_STANDARD = gnu11;
				GCC_NO_COMMON_BLOCKS = YES;
				GCC_WARN_64_TO_32_BIT_CONVERSION = YES;
				GCC_WARN_ABOUT_RETURN_TYPE = YES_ERROR;
				GCC_WARN_UNDECLARED_SELECTOR = YES;
				GCC_WARN_UNINITIALIZED_AUTOS = YES_AGGRESSIVE;
				GCC_WARN_UNUSED_FUNCTION = YES;
				GCC_WARN_UNUSED_VARIABLE = YES;
				IPHONEOS_DEPLOYMENT_TARGET = 11.4;
				MTL_ENABLE_DEBUG_INFO = NO;
				SDKROOT = iphoneos;
				SWIFT_COMPILATION_MODE = wholemodule;
				SWIFT_OPTIMIZATION_LEVEL = "-O";
				VALIDATE_PRODUCT = YES;
			};
			name = Release;
		};
		13BED2D820ED45850009C3E2 /* Debug */ = {
			isa = XCBuildConfiguration;
			baseConfigurationReference = 2EB0AA4D1108DB7EB522F933 /* Pods-RideWithPride.debug.xcconfig */;
			buildSettings = {
				ALWAYS_EMBED_SWIFT_STANDARD_LIBRARIES = YES;
				ASSETCATALOG_COMPILER_APPICON_NAME = AppIcon;
				CODE_SIGN_STYLE = Automatic;
				DEVELOPMENT_TEAM = 8TRWBBRCRY;
				INFOPLIST_FILE = RideWithPride/Info.plist;
				LD_RUNPATH_SEARCH_PATHS = (
					"$(inherited)",
					"@executable_path/Frameworks",
				);
				PRODUCT_BUNDLE_IDENTIFIER = "Muhammad-Ali.RideWithPride";
				PRODUCT_NAME = "$(TARGET_NAME)";
				SWIFT_VERSION = 4.0;
				TARGETED_DEVICE_FAMILY = "1,2";
			};
			name = Debug;
		};
		13BED2D920ED45850009C3E2 /* Release */ = {
			isa = XCBuildConfiguration;
			baseConfigurationReference = FF953A55FD3A6997204EE77F /* Pods-RideWithPride.release.xcconfig */;
			buildSettings = {
				ALWAYS_EMBED_SWIFT_STANDARD_LIBRARIES = YES;
				ASSETCATALOG_COMPILER_APPICON_NAME = AppIcon;
				CODE_SIGN_STYLE = Automatic;
				DEVELOPMENT_TEAM = 8TRWBBRCRY;
				INFOPLIST_FILE = RideWithPride/Info.plist;
				LD_RUNPATH_SEARCH_PATHS = (
					"$(inherited)",
					"@executable_path/Frameworks",
				);
				PRODUCT_BUNDLE_IDENTIFIER = "Muhammad-Ali.RideWithPride";
				PRODUCT_NAME = "$(TARGET_NAME)";
				SWIFT_VERSION = 4.0;
				TARGETED_DEVICE_FAMILY = "1,2";
			};
			name = Release;
		};
/* End XCBuildConfiguration section */

/* Begin XCConfigurationList section */
		13BED2C020ED45830009C3E2 /* Build configuration list for PBXProject "RideWithPride" */ = {
			isa = XCConfigurationList;
			buildConfigurations = (
				13BED2D520ED45850009C3E2 /* Debug */,
				13BED2D620ED45850009C3E2 /* Release */,
			);
			defaultConfigurationIsVisible = 0;
			defaultConfigurationName = Release;
		};
		13BED2D720ED45850009C3E2 /* Build configuration list for PBXNativeTarget "RideWithPride" */ = {
			isa = XCConfigurationList;
			buildConfigurations = (
				13BED2D820ED45850009C3E2 /* Debug */,
				13BED2D920ED45850009C3E2 /* Release */,
			);
			defaultConfigurationIsVisible = 0;
			defaultConfigurationName = Release;
		};
/* End XCConfigurationList section */
	};
	rootObject = 13BED2BD20ED45830009C3E2 /* Project object */;
}
